{
  "version": "4",
  "specifiers": {
    "npm:hono@4.6.12": "4.6.12",
    "npm:hono@^4.6.12": "4.6.12"
  },
  "npm": {
    "hono@4.6.12": {
      "integrity": "sha512-eHtf4kSDNw6VVrdbd5IQi16r22m3s7mWPLd7xOMhg1a/Yyb1A0qpUFq8xYMX4FMuDe1nTKeMX5rTx7Nmw+a+Ag=="
    }
  },
  "workspace": {
    "dependencies": [
      "npm:hono@4.6.12"
    ],
    "packageJson": {
      "dependencies": [
        "npm:hono@^4.6.12"
      ]
    }
  }
}
